{
    "requires": true,
    "lockfileVersion": 1,
    "dependencies": {
        "@material/animation": {
            "version": "0.3.1",
            "resolved": "https://registry.npmjs.org/@material/animation/-/animation-0.3.1.tgz",
            "integrity": "sha1-Ip3mkn0FkNbWsgFX13jSZO8CIpo="
        },
        "@material/base": {
            "version": "0.2.5",
            "resolved": "https://registry.npmjs.org/@material/base/-/base-0.2.5.tgz",
            "integrity": "sha512-oQEiOLBlPRox8LEQNRmtOjFGMYg0D4cyE1swQwYwSy0Zz1/hG21f3f3WsPDn4NUhnscL68chtlJiG49LLd6Nfw=="
        },
        "@material/ripple": {
            "version": "0.8.6",
            "resolved": "https://registry.npmjs.org/@material/ripple/-/ripple-0.8.6.tgz",
            "integrity": "sha1-A57CKTf3i8/vozDTUzx3hSRm2Ng=",
            "requires": {
                "@material/base": "0.2.5",
                "@material/theme": "0.3.0"
            }
        },
        "@material/rtl": {
            "version": "0.1.7",
            "resolved": "https://registry.npmjs.org/@material/rtl/-/rtl-0.1.7.tgz",
            "integrity": "sha1-s4t3GvGDvPNNZD9gDxf8QzaYU1o="
        },
        "@material/textfield": {
            "version": "0.4.0",
            "resolved": "https://registry.npmjs.org/@material/textfield/-/textfield-0.4.0.tgz",
            "integrity": "sha1-l+AYWn4lWxl3W0j+AfJ2rZ21/vw=",
            "requires": {
                "@material/animation": "0.3.1",
                "@material/base": "0.2.5",
                "@material/ripple": "0.8.6",
                "@material/rtl": "0.1.7",
                "@material/theme": "0.3.0",
                "@material/typography": "0.3.0"
            }
        },
        "@material/theme": {
            "version": "0.3.0",
            "resolved": "https://registry.npmjs.org/@material/theme/-/theme-0.3.0.tgz",
            "integrity": "sha1-0OdiLHeuu9lBbmVhwx/0qDONHwY="
        },
        "@material/typography": {
            "version": "0.3.0",
            "resolved": "https://registry.npmjs.org/@material/typography/-/typography-0.3.0.tgz",
            "integrity": "sha1-+CjC0yFb/WbFgHJwm0JgxkElOQo="
        }
    }
}
